
Microsoft Visual Studio Solution File, Format Version 12.00
# Visual Studio Version 17
VisualStudioVersion = 17.2.32519.379
MinimumVisualStudioVersion = 10.0.40219.1
Project("{FAE04EC0-301F-11D3-BF4B-00C04F79EFBC}") = "Cal", "Cal\Cal.csproj", "{C22C7250-AD3D-4B04-9002-7B510647F9A8}"
EndProject
Project("{FAE04EC0-301F-11D3-BF4B-00C04F79EFBC}") = "MSTest", "MSTest\MSTest.csproj", "{80961CCF-DB81-4E39-ADE6-D7E4366BE0AA}"
EndProject
Global
	GlobalSection(SolutionConfigurationPlatforms) = preSolution
		Debug|Any CPU = Debug|Any CPU
		Release|Any CPU = Release|Any CPU
	EndGlobalSection
	GlobalSection(ProjectConfigurationPlatforms) = postSolution
		{C22C7250-AD3D-4B04-9002-7B510647F9A8}.Debug|Any CPU.ActiveCfg = Debug|Any CPU
		{C22C7250-AD3D-4B04-9002-7B510647F9A8}.Debug|Any CPU.Build.0 = Debug|Any CPU
		{C22C7250-AD3D-4B04-9002-7B510647F9A8}.Release|Any CPU.ActiveCfg = Release|Any CPU
		{C22C7250-AD3D-4B04-9002-7B510647F9A8}.Release|Any CPU.Build.0 = Release|Any CPU
		{80961CCF-DB81-4E39-ADE6-D7E4366BE0AA}.Debug|Any CPU.ActiveCfg = Debug|Any CPU
		{80961CCF-DB81-4E39-ADE6-D7E4366BE0AA}.Debug|Any CPU.Build.0 = Debug|Any CPU
		{80961CCF-DB81-4E39-ADE6-D7E4366BE0AA}.Release|Any CPU.ActiveCfg = Release|Any CPU
		{80961CCF-DB81-4E39-ADE6-D7E4366BE0AA}.Release|Any CPU.Build.0 = Release|Any CPU
	EndGlobalSection
	GlobalSection(SolutionProperties) = preSolution
		HideSolutionNode = FALSE
	EndGlobalSection
	GlobalSection(ExtensibilityGlobals) = postSolution
		SolutionGuid = {079F51F5-7ABF-4499-90D6-6409FE056362}
	EndGlobalSection
EndGlobal
